
Microsoft Visual Studio Solution File, Format Version 12.00
# Visual Studio Version 16
VisualStudioVersion = 16.0.31729.503
MinimumVisualStudioVersion = 10.0.40219.1
Project("{FAE04EC0-301F-11D3-BF4B-00C04F79EFBC}") = "Desafio2Dio_Parte3", "Desafio2Dio_Parte3\Desafio2Dio_Parte3.csproj", "{14E7929E-00D7-4747-A1E1-E27650130191}"
EndProject
Global
	GlobalSection(SolutionConfigurationPlatforms) = preSolution
		Debug|Any CPU = Debug|Any CPU
		Release|Any CPU = Release|Any CPU
	EndGlobalSection
	GlobalSection(ProjectConfigurationPlatforms) = postSolution
		{14E7929E-00D7-4747-A1E1-E27650130191}.Debug|Any CPU.ActiveCfg = Debug|Any CPU
		{14E7929E-00D7-4747-A1E1-E27650130191}.Debug|Any CPU.Build.0 = Debug|Any CPU
		{14E7929E-00D7-4747-A1E1-E27650130191}.Release|Any CPU.ActiveCfg = Release|Any CPU
		{14E7929E-00D7-4747-A1E1-E27650130191}.Release|Any CPU.Build.0 = Release|Any CPU
	EndGlobalSection
	GlobalSection(SolutionProperties) = preSolution
		HideSolutionNode = FALSE
	EndGlobalSection
	GlobalSection(ExtensibilityGlobals) = postSolution
		SolutionGuid = {022677F3-15A8-4A6F-BCDF-025A7023E813}
	EndGlobalSection
EndGlobal
